// !$*UTF8*$!
{
	archiveVersion = 1;
	classes = {
	};
	objectVersion = 48;
	objects = {

/* Begin PBXBuildFile section */
		244B956A202517C90096B644 /* AppDelegate.swift in Sources */ = {isa = PBXBuildFile; fileRef = 244B9569202517C90096B644 /* AppDelegate.swift */; };
		244B956C202517C90096B644 /* ViewController.swift in Sources */ = {isa = PBXBuildFile; fileRef = 244B956B202517C90096B644 /* ViewController.swift */; };
		244B956F202517C90096B644 /* Main.storyboard in Resources */ = {isa = PBXBuildFile; fileRef = 244B956D202517C90096B644 /* Main.storyboard */; };
		244B9571202517C90096B644 /* Assets.xcassets in Resources */ = {isa = PBXBuildFile; fileRef = 244B9570202517C90096B644 /* Assets.xcassets */; };
		244B9574202517C90096B644 /* LaunchScreen.storyboard in Resources */ = {isa = PBXBuildFile; fileRef = 244B9572202517C90096B644 /* LaunchScreen.storyboard */; };
		24776F042026579D00BB520C /* Consentration.swift in Sources */ = {isa = PBXBuildFile; fileRef = 24776F032026579D00BB520C /* Consentration.swift */; };
		24776F06202657BC00BB520C /* Card.swift in Sources */ = {isa = PBXBuildFile; fileRef = 24776F05202657BC00BB520C /* Card.swift */; };
/* End PBXBuildFile section */

/* Begin PBXFileReference section */
		244B9566202517C90096B644 /* Consentratin.app */ = {isa = PBXFileReference; explicitFileType = wrapper.application; includeInIndex = 0; path = Consentratin.app; sourceTree = BUILT_PRODUCTS_DIR; };
		244B9569202517C90096B644 /* AppDelegate.swift */ = {isa = PBXFileReference; lastKnownFileType = sourcecode.swift; path = AppDelegate.swift; sourceTree = "<group>"; };
		244B956B202517C90096B644 /* ViewController.swift */ = {isa = PBXFileReference; lastKnownFileType = sourcecode.swift; path = ViewController.swift; sourceTree = "<group>"; };
		244B956E202517C90096B644 /* Base */ = {isa = PBXFileReference; lastKnownFileType = file.storyboard; name = Base; path = Base.lproj/Main.storyboard; sourceTree = "<group>"; };
		244B9570202517C90096B644 /* Assets.xcassets */ = {isa = PBXFileReference; lastKnownFileType = folder.assetcatalog; path = Assets.xcassets; sourceTree = "<group>"; };
		244B9573202517C90096B644 /* Base */ = {isa = PBXFileReference; lastKnownFileType = file.storyboard; name = Base; path = Base.lproj/LaunchScreen.storyboard; sourceTree = "<group>"; };
		244B9575202517C90096B644 /* Info.plist */ = {isa = PBXFileReference; lastKnownFileType = text.plist.xml; path = Info.plist; sourceTree = "<group>"; };
		24776F032026579D00BB520C /* Consentration.swift */ = {isa = PBXFileReference; lastKnownFileType = sourcecode.swift; path = Consentration.swift; sourceTree = "<group>"; };
		24776F05202657BC00BB520C /* Card.swift */ = {isa = PBXFileReference; lastKnownFileType = sourcecode.swift; path = Card.swift; sourceTree = "<group>"; };
/* End PBXFileReference section */

/* Begin PBXFrameworksBuildPhase section */
		244B9563202517C90096B644 /* Frameworks */ = {
			isa = PBXFrameworksBuildPhase;
			buildActionMask = 2147483647;
			files = (
			);
			runOnlyForDeploymentPostprocessing = 0;
		};
/* End PBXFrameworksBuildPhase section */

/* Begin PBXGroup section */
		244B955D202517C80096B644 = {
			isa = PBXGroup;
			children = (
				244B9568202517C90096B644 /* Consentratin */,
				244B9567202517C90096B644 /* Products */,
			);
			sourceTree = "<group>";
		};
		244B9567202517C90096B644 /* Products */ = {
			isa = PBXGroup;
			children = (
				244B9566202517C90096B644 /* Consentratin.app */,
			);
			name = Products;
			sourceTree = "<group>";
		};
		244B9568202517C90096B644 /* Consentratin */ = {
			isa = PBXGroup;
			children = (
				24776F032026579D00BB520C /* Consentration.swift */,
				24776F05202657BC00BB520C /* Card.swift */,
				244B956B202517C90096B644 /* ViewController.swift */,
				244B956D202517C90096B644 /* Main.storyboard */,
				244B957B20251DB80096B644 /* Supporting Files */,
				244B9575202517C90096B644 /* Info.plist */,
			);
			path = Consentratin;
			sourceTree = "<group>";
		};
		244B957B20251DB80096B644 /* Supporting Files */ = {
			isa = PBXGroup;
			children = (
				244B9569202517C90096B644 /* AppDelegate.swift */,
				244B9570202517C90096B644 /* Assets.xcassets */,
				244B9572202517C90096B644 /* LaunchScreen.storyboard */,
			);
			path = "Supporting Files";
			sourceTree = "<group>";
		};
/* End PBXGroup section */

/* Begin PBXNativeTarget section */
		244B9565202517C90096B644 /* Consentratin */ = {
			isa = PBXNativeTarget;
			buildConfigurationList = 244B9578202517C90096B644 /* Build configuration list for PBXNativeTarget "Consentratin" */;
			buildPhases = (
				244B9562202517C90096B644 /* Sources */,
				244B9563202517C90096B644 /* Frameworks */,
				244B9564202517C90096B644 /* Resources */,
			);
			buildRules = (
			);
			dependencies = (
			);
			name = Consentratin;
			productName = Consentratin;
			productReference = 244B9566202517C90096B644 /* Consentratin.app */;
			productType = "com.apple.product-type.application";
		};
/* End PBXNativeTarget section */

/* Begin PBXProject section */
		244B955E202517C80096B644 /* Project object */ = {
			isa = PBXProject;
			attributes = {
				LastSwiftUpdateCheck = 0920;
				LastUpgradeCheck = 0920;
				ORGANIZATIONNAME = "Stanford University";
				TargetAttributes = {
					244B9565202517C90096B644 = {
						CreatedOnToolsVersion = 9.2;
						ProvisioningStyle = Automatic;
					};
				};
			};
			buildConfigurationList = 244B9561202517C80096B644 /* Build configuration list for PBXProject "Consentratin" */;
			compatibilityVersion = "Xcode 8.0";
			developmentRegion = en;
			hasScannedForEncodings = 0;
			knownRegions = (
				en,
				Base,
			);
			mainGroup = 244B955D202517C80096B644;
			productRefGroup = 244B9567202517C90096B644 /* Products */;
			projectDirPath = "";
			projectRoot = "";
			targets = (
				244B9565202517C90096B644 /* Consentratin */,
			);
		};
/* End PBXProject section */

/* Begin PBXResourcesBuildPhase section */
		244B9564202517C90096B644 /* Resources */ = {
			isa = PBXResourcesBuildPhase;
			buildActionMask = 2147483647;
			files = (
				244B9574202517C90096B644 /* LaunchScreen.storyboard in Resources */,
				244B9571202517C90096B644 /* Assets.xcassets in Resources */,
				244B956F202517C90096B644 /* Main.storyboard in Resources */,
			);
			runOnlyForDeploymentPostprocessing = 0;
		};
/* End PBXResourcesBuildPhase section */

/* Begin PBXSourcesBuildPhase section */
		244B9562202517C90096B644 /* Sources */ = {
			isa = PBXSourcesBuildPhase;
			buildActionMask = 2147483647;
			files = (
				24776F042026579D00BB520C /* Consentration.swift in Sources */,
				244B956C202517C90096B644 /* ViewController.swift in Sources */,
				244B956A202517C90096B644 /* AppDelegate.swift in Sources */,
				24776F06202657BC00BB520C /* Card.swift in Sources */,
			);
			runOnlyForDeploymentPostprocessing = 0;
		};
/* End PBXSourcesBuildPhase section */

/* Begin PBXVariantGroup section */
		244B956D202517C90096B644 /* Main.storyboard */ = {
			isa = PBXVariantGroup;
			children = (
				244B956E202517C90096B644 /* Base */,
			);
			name = Main.storyboard;
			sourceTree = "<group>";
		};
		244B9572202517C90096B644 /* LaunchScreen.storyboard */ = {
			isa = PBXVariantGroup;
			children = (
				244B9573202517C90096B644 /* Base */,
			);
			name = LaunchScreen.storyboard;
			sourceTree = "<group>";
		};
/* End PBXVariantGroup section */

/* Begin XCBuildConfiguration section */
		244B9576202517C90096B644 /* Debug */ = {
			isa = XCBuildConfiguration;
			buildSettings = {
				ALWAYS_SEARCH_USER_PATHS = NO;
				CLANG_ANALYZER_NONNULL = YES;
				CLANG_ANALYZER_NUMBER_OBJECT_CONVERSION = YES_AGGRESSIVE;
				CLANG_CXX_LANGUAGE_STANDARD = "gnu++14";
				CLANG_CXX_LIBRARY = "libc++";
				CLANG_ENABLE_MODULES = YES;
				CLANG_ENABLE_OBJC_ARC = YES;
				CLANG_WARN_BLOCK_CAPTURE_AUTORELEASING = YES;
				CLANG_WARN_BOOL_CONVERSION = YES;
				CLANG_WARN_COMMA = YES;
				CLANG_WARN_CONSTANT_CONVERSION = YES;
				CLANG_WARN_DIRECT_OBJC_ISA_USAGE = YES_ERROR;
				CLANG_WARN_DOCUMENTATION_COMMENTS = YES;
				CLANG_WARN_EMPTY_BODY = YES;
				CLANG_WARN_ENUM_CONVERSION = YES;
				CLANG_WARN_INFINITE_RECURSION = YES;
				CLANG_WARN_INT_CONVERSION = YES;
				CLANG_WARN_NON_LITERAL_NULL_CONVERSION = YES;
				CLANG_WARN_OBJC_LITERAL_CONVERSION = YES;
				CLANG_WARN_OBJC_ROOT_CLASS = YES_ERROR;
				CLANG_WARN_RANGE_LOOP_ANALYSIS = YES;
				CLANG_WARN_STRICT_PROTOTYPES = YES;
				CLANG_WARN_SUSPICIOUS_MOVE = YES;
				CLANG_WARN_UNGUARDED_AVAILABILITY = YES_AGGRESSIVE;
				CLANG_WARN_UNREACHABLE_CODE = YES;
				CLANG_WARN__DUPLICATE_METHOD_MATCH = YES;
				CODE_SIGN_IDENTITY = "iPhone Developer";
				COPY_PHASE_STRIP = NO;
				DEBUG_INFORMATION_FORMAT = dwarf;
				ENABLE_STRICT_OBJC_MSGSEND = YES;
				ENABLE_TESTABILITY = YES;
				GCC_C_LANGUAGE_STANDARD = gnu11;
				GCC_DYNAMIC_NO_PIC = NO;
				GCC_NO_COMMON_BLOCKS = YES;
				GCC_OPTIMIZATION_LEVEL = 0;
				GCC_PREPROCESSOR_DEFINITIONS = (
					"DEBUG=1",
					"$(inherited)",
				);
				GCC_WARN_64_TO_32_BIT_CONVERSION = YES;
				GCC_WARN_ABOUT_RETURN_TYPE = YES_ERROR;
				GCC_WARN_UNDECLARED_SELECTOR = YES;
				GCC_WARN_UNINITIALIZED_AUTOS = YES_AGGRESSIVE;
				GCC_WARN_UNUSED_FUNCTION = YES;
				GCC_WARN_UNUSED_VARIABLE = YES;
				IPHONEOS_DEPLOYMENT_TARGET = 11.2;
				MTL_ENABLE_DEBUG_INFO = YES;
				ONLY_ACTIVE_ARCH = YES;
				SDKROOT = iphoneos;
				SWIFT_ACTIVE_COMPILATION_CONDITIONS = DEBUG;
				SWIFT_OPTIMIZATION_LEVEL = "-Onone";
			};
			name = Debug;
		};
		244B9577202517C90096B644 /* Release */ = {
			isa = XCBuildConfiguration;
			buildSettings = {
				ALWAYS_SEARCH_USER_PATHS = NO;
				CLANG_ANALYZER_NONNULL = YES;
				CLANG_ANALYZER_NUMBER_OBJECT_CONVERSION = YES_AGGRESSIVE;
				CLANG_CXX_LANGUAGE_STANDARD = "gnu++14";
				CLANG_CXX_LIBRARY = "libc++";
				CLANG_ENABLE_MODULES = YES;
				CLANG_ENABLE_OBJC_ARC = YES;
				CLANG_WARN_BLOCK_CAPTURE_AUTORELEASING = YES;
				CLANG_WARN_BOOL_CONVERSION = YES;
				CLANG_WARN_COMMA = YES;
				CLANG_WARN_CONSTANT_CONVERSION = YES;
				CLANG_WARN_DIRECT_OBJC_ISA_USAGE = YES_ERROR;
				CLANG_WARN_DOCUMENTATION_COMMENTS = YES;
				CLANG_WARN_EMPTY_BODY = YES;
				CLANG_WARN_ENUM_CONVERSION = YES;
				CLANG_WARN_INFINITE_RECURSION = YES;
				CLANG_WARN_INT_CONVERSION = YES;
				CLANG_WARN_NON_LITERAL_NULL_CONVERSION = YES;
				CLANG_WARN_OBJC_LITERAL_CONVERSION = YES;
				CLANG_WARN_OBJC_ROOT_CLASS = YES_ERROR;
				CLANG_WARN_RANGE_LOOP_ANALYSIS = YES;
				CLANG_WARN_STRICT_PROTOTYPES = YES;
				CLANG_WARN_SUSPICIOUS_MOVE = YES;
				CLANG_WARN_UNGUARDED_AVAILABILITY = YES_AGGRESSIVE;
				CLANG_WARN_UNREACHABLE_CODE = YES;
				CLANG_WARN__DUPLICATE_METHOD_MATCH = YES;
				CODE_SIGN_IDENTITY = "iPhone Developer";
				COPY_PHASE_STRIP = NO;
				DEBUG_INFORMATION_FORMAT = "dwarf-with-dsym";
				ENABLE_NS_ASSERTIONS = NO;
				ENABLE_STRICT_OBJC_MSGSEND = YES;
				GCC_C_LANGUAGE_STANDARD = gnu11;
				GCC_NO_COMMON_BLOCKS = YES;
				GCC_WARN_64_TO_32_BIT_CONVERSION = YES;
				GCC_WARN_ABOUT_RETURN_TYPE = YES_ERROR;
				GCC_WARN_UNDECLARED_SELECTOR = YES;
				GCC_WARN_UNINITIALIZED_AUTOS = YES_AGGRESSIVE;
				GCC_WARN_UNUSED_FUNCTION = YES;
				GCC_WARN_UNUSED_VARIABLE = YES;
				IPHONEOS_DEPLOYMENT_TARGET = 11.2;
				MTL_ENABLE_DEBUG_INFO = NO;
				SDKROOT = iphoneos;
				SWIFT_OPTIMIZATION_LEVEL = "-Owholemodule";
				VALIDATE_PRODUCT = YES;
			};
			name = Release;
		};
		244B9579202517C90096B644 /* Debug */ = {
			isa = XCBuildConfiguration;
			buildSettings = {
				ASSETCATALOG_COMPILER_APPICON_NAME = AppIcon;
				CODE_SIGN_STYLE = Automatic;
				DEVELOPMENT_TEAM = 9C22K884F8;
				INFOPLIST_FILE = Consentratin/Info.plist;
				LD_RUNPATH_SEARCH_PATHS = "$(inherited) @executable_path/Frameworks";
				PRODUCT_BUNDLE_IDENTIFIER = edu.buffalo.xinni.Consentratin;
				PRODUCT_NAME = "$(TARGET_NAME)";
				SWIFT_VERSION = 4.0;
				TARGETED_DEVICE_FAMILY = "1,2";
			};
			name = Debug;
		};
		244B957A202517C90096B644 /* Release */ = {
			isa = XCBuildConfiguration;
			buildSettings = {
				ASSETCATALOG_COMPILER_APPICON_NAME = AppIcon;
				CODE_SIGN_STYLE = Automatic;
				DEVELOPMENT_TEAM = 9C22K884F8;
				INFOPLIST_FILE = Consentratin/Info.plist;
				LD_RUNPATH_SEARCH_PATHS = "$(inherited) @executable_path/Frameworks";
				PRODUCT_BUNDLE_IDENTIFIER = edu.buffalo.xinni.Consentratin;
				PRODUCT_NAME = "$(TARGET_NAME)";
				SWIFT_VERSION = 4.0;
				TARGETED_DEVICE_FAMILY = "1,2";
			};
			name = Release;
		};
/* End XCBuildConfiguration section */

/* Begin XCConfigurationList section */
		244B9561202517C80096B644 /* Build configuration list for PBXProject "Consentratin" */ = {
			isa = XCConfigurationList;
			buildConfigurations = (
				244B9576202517C90096B644 /* Debug */,
				244B9577202517C90096B644 /* Release */,
			);
			defaultConfigurationIsVisible = 0;
			defaultConfigurationName = Release;
		};
		244B9578202517C90096B644 /* Build configuration list for PBXNativeTarget "Consentratin" */ = {
			isa = XCConfigurationList;
			buildConfigurations = (
				244B9579202517C90096B644 /* Debug */,
				244B957A202517C90096B644 /* Release */,
			);
			defaultConfigurationIsVisible = 0;
			defaultConfigurationName = Release;
		};
/* End XCConfigurationList section */
	};
	rootObject = 244B955E202517C80096B644 /* Project object */;
}
